
Microsoft Visual Studio Solution File, Format Version 12.00
# Visual Studio Version 16
VisualStudioVersion = 16.0.30711.63
MinimumVisualStudioVersion = 10.0.40219.1
Project("{FAE04EC0-301F-11D3-BF4B-00C04F79EFBC}") = "1 - Single Responsibility", "1 - Single Responsibility\1 - Single Responsibility.csproj", "{F1181DCF-44C8-44CC-89D5-DCCCB1946CAC}"
EndProject
Project("{FAE04EC0-301F-11D3-BF4B-00C04F79EFBC}") = "2 - Open Closed", "2 - Open Closed\2 - Open Closed.csproj", "{8B6EFAF6-68BD-48D7-8AA8-0B7883ACACAB}"
EndProject
Project("{FAE04EC0-301F-11D3-BF4B-00C04F79EFBC}") = "3 - Liskov Substitution", "3 - Liskov Substitution\3 - Liskov Substitution.csproj", "{2F2BF553-97BA-42E3-B26C-093FE0482402}"
EndProject
Project("{FAE04EC0-301F-11D3-BF4B-00C04F79EFBC}") = "4 - Interface Segregation", "4 - Interface Segregation\4 - Interface Segregation.csproj", "{FC34A3F4-D2DB-4E5F-9D14-913C596114AD}"
EndProject
Project("{FAE04EC0-301F-11D3-BF4B-00C04F79EFBC}") = "5 - Dependency Inversion", "5 - Dependency Inversion\5 - Dependency Inversion.csproj", "{8D68C46C-753A-494F-A8EA-AF9EE894584F}"
EndProject
Global
	GlobalSection(SolutionConfigurationPlatforms) = preSolution
		Debug|Any CPU = Debug|Any CPU
		Release|Any CPU = Release|Any CPU
	EndGlobalSection
	GlobalSection(ProjectConfigurationPlatforms) = postSolution
		{F1181DCF-44C8-44CC-89D5-DCCCB1946CAC}.Debug|Any CPU.ActiveCfg = Debug|Any CPU
		{F1181DCF-44C8-44CC-89D5-DCCCB1946CAC}.Debug|Any CPU.Build.0 = Debug|Any CPU
		{F1181DCF-44C8-44CC-89D5-DCCCB1946CAC}.Release|Any CPU.ActiveCfg = Release|Any CPU
		{F1181DCF-44C8-44CC-89D5-DCCCB1946CAC}.Release|Any CPU.Build.0 = Release|Any CPU
		{8B6EFAF6-68BD-48D7-8AA8-0B7883ACACAB}.Debug|Any CPU.ActiveCfg = Debug|Any CPU
		{8B6EFAF6-68BD-48D7-8AA8-0B7883ACACAB}.Debug|Any CPU.Build.0 = Debug|Any CPU
		{8B6EFAF6-68BD-48D7-8AA8-0B7883ACACAB}.Release|Any CPU.ActiveCfg = Release|Any CPU
		{8B6EFAF6-68BD-48D7-8AA8-0B7883ACACAB}.Release|Any CPU.Build.0 = Release|Any CPU
		{2F2BF553-97BA-42E3-B26C-093FE0482402}.Debug|Any CPU.ActiveCfg = Debug|Any CPU
		{2F2BF553-97BA-42E3-B26C-093FE0482402}.Debug|Any CPU.Build.0 = Debug|Any CPU
		{2F2BF553-97BA-42E3-B26C-093FE0482402}.Release|Any CPU.ActiveCfg = Release|Any CPU
		{2F2BF553-97BA-42E3-B26C-093FE0482402}.Release|Any CPU.Build.0 = Release|Any CPU
		{FC34A3F4-D2DB-4E5F-9D14-913C596114AD}.Debug|Any CPU.ActiveCfg = Debug|Any CPU
		{FC34A3F4-D2DB-4E5F-9D14-913C596114AD}.Debug|Any CPU.Build.0 = Debug|Any CPU
		{FC34A3F4-D2DB-4E5F-9D14-913C596114AD}.Release|Any CPU.ActiveCfg = Release|Any CPU
		{FC34A3F4-D2DB-4E5F-9D14-913C596114AD}.Release|Any CPU.Build.0 = Release|Any CPU
		{8D68C46C-753A-494F-A8EA-AF9EE894584F}.Debug|Any CPU.ActiveCfg = Debug|Any CPU
		{8D68C46C-753A-494F-A8EA-AF9EE894584F}.Debug|Any CPU.Build.0 = Debug|Any CPU
		{8D68C46C-753A-494F-A8EA-AF9EE894584F}.Release|Any CPU.ActiveCfg = Release|Any CPU
		{8D68C46C-753A-494F-A8EA-AF9EE894584F}.Release|Any CPU.Build.0 = Release|Any CPU
	EndGlobalSection
	GlobalSection(SolutionProperties) = preSolution
		HideSolutionNode = FALSE
	EndGlobalSection
	GlobalSection(ExtensibilityGlobals) = postSolution
		SolutionGuid = {4D8DCE32-338E-40ED-8FC3-02D9F0690A33}
	EndGlobalSection
EndGlobal
